// !$*UTF8*$!
{
	archiveVersion = 1;
	classes = {
	};
	objectVersion = 77;
	objects = {

/* Begin PBXBuildFile section */
		08AA6B9C6B4143826B46D8E7 /* AppSettings.swift in Sources */ = {isa = PBXBuildFile; fileRef = 56370C085DC556192EE56A90 /* AppSettings.swift */; };
		0CEC294578C20AA504EC0DB6 /* WatchmanApp.swift in Sources */ = {isa = PBXBuildFile; fileRef = 567FB6036E24CC3EF148233F /* WatchmanApp.swift */; };
		1D1771A9076A5A6C311267DC /* HistoryShared.swift in Sources */ = {isa = PBXBuildFile; fileRef = E2AEF781DA53EB9824308AA7 /* HistoryShared.swift */; };
		1E5E9CAC4F464B9093C9CE18 /* BonjourBrowser.swift in Sources */ = {isa = PBXBuildFile; fileRef = 2A56E0AD6FA3E65788BD70F2 /* BonjourBrowser.swift */; };
		25E0273435232C6467416216 /* AlertConfig.swift in Sources */ = {isa = PBXBuildFile; fileRef = E700DCD233E4823C6858FC65 /* AlertConfig.swift */; };
		3DD5AE1308837B9A0BC8E0EA /* PowerLimits.swift in Sources */ = {isa = PBXBuildFile; fileRef = 8A66D410D729904D81F89AF5 /* PowerLimits.swift */; };
		5B64EF5E8C91B77C73322505 /* ExportView.swift in Sources */ = {isa = PBXBuildFile; fileRef = DD4E63A89EAD14F71074D0D7 /* ExportView.swift */; };
		6803E589E58B12DA7B186232 /* PowerTab.swift in Sources */ = {isa = PBXBuildFile; fileRef = F38E9B0810933423D99C050D /* PowerTab.swift */; };
		685B379F8A51B896A83E29CC /* DiskTab.swift in Sources */ = {isa = PBXBuildFile; fileRef = 21FF50BAD952EB5AA03E1640 /* DiskTab.swift */; };
		74F6FE8EAF7BA8906943E4AD /* SystemTab.swift in Sources */ = {isa = PBXBuildFile; fileRef = B9897D4C9484F9CE61EC85FD /* SystemTab.swift */; };
		773EBDEE9134761C9B0B7C7B /* AlertsEngine.swift in Sources */ = {isa = PBXBuildFile; fileRef = F7ACE90EA0E6F2554A07924E /* AlertsEngine.swift */; };
		77681CCEE9D9D14170F41563 /* MetricSample.swift in Sources */ = {isa = PBXBuildFile; fileRef = D3C47EFC3ABD6BDF75C644A0 /* MetricSample.swift */; };
		8F8FBD460394127839374E1B /* Theme.swift in Sources */ = {isa = PBXBuildFile; fileRef = 2BB5F33DD7B6E520E396D19D /* Theme.swift */; };
		9A5E62A98856031590034191 /* MenuBarView.swift in Sources */ = {isa = PBXBuildFile; fileRef = E17D66EE10FFBA2F9DE82A65 /* MenuBarView.swift */; };
		9FB4C6C86527A98F887ED0EF /* WorkerMetrics.swift in Sources */ = {isa = PBXBuildFile; fileRef = 7033D853466C8B698B2AD744 /* WorkerMetrics.swift */; };
		ABFEAB892390C75AAB049276 /* ThresholdsTab.swift in Sources */ = {isa = PBXBuildFile; fileRef = 584039EC160AE45FA13AA300 /* ThresholdsTab.swift */; };
		BFA4563AA5D25EF4B2B72FB9 /* WorkerDetailView.swift in Sources */ = {isa = PBXBuildFile; fileRef = 370A65888FD7038540BE3D2D /* WorkerDetailView.swift */; };
		C0BBAA24C137B47AF3224332 /* AlertsTab.swift in Sources */ = {isa = PBXBuildFile; fileRef = A790A70D3305DA828CDAA0AB /* AlertsTab.swift */; };
		C80766A93AAEC9E4155E6D57 /* SettingsView.swift in Sources */ = {isa = PBXBuildFile; fileRef = 4733FE37716925A20F2CE3C0 /* SettingsView.swift */; };
		D085AA679718B43E0314711A /* HistoryWindow.swift in Sources */ = {isa = PBXBuildFile; fileRef = 224C8AE9A70014D4F825141B /* HistoryWindow.swift */; };
		DD31FFA40198BC7B62C53699 /* DisplayTab.swift in Sources */ = {isa = PBXBuildFile; fileRef = 90271549BB42B61DFD20E9CC /* DisplayTab.swift */; };
		E0F2E79AD8CF5358B1BEE8E8 /* GpuTab.swift in Sources */ = {isa = PBXBuildFile; fileRef = 1DE780ECC21129346FC5881B /* GpuTab.swift */; };
		E2D1699C5DFBDED361A81FA9 /* MetricReader.swift in Sources */ = {isa = PBXBuildFile; fileRef = 23C4935C4AAE6FFAB22B9958 /* MetricReader.swift */; };
		E5CF8DAAF817799639773AA4 /* MetricsExporter.swift in Sources */ = {isa = PBXBuildFile; fileRef = F01128E2835D2FD43C0DFCFA /* MetricsExporter.swift */; };
		E5D796E8AB85ED7559A89AF7 /* MetricStore.swift in Sources */ = {isa = PBXBuildFile; fileRef = B0550E6EE23F3144B123CBEE /* MetricStore.swift */; };
		F2F39E4C9D753706658A9B72 /* MetricsPoller.swift in Sources */ = {isa = PBXBuildFile; fileRef = E394DA01A25C8C15E3E20243 /* MetricsPoller.swift */; };
		F69F91E3DABBC420F798AEF6 /* SparklineHistory.swift in Sources */ = {isa = PBXBuildFile; fileRef = ACFC65EA9328490E2720A22D /* SparklineHistory.swift */; };
/* End PBXBuildFile section */

/* Begin PBXFileReference section */
		1DE780ECC21129346FC5881B /* GpuTab.swift */ = {isa = PBXFileReference; lastKnownFileType = sourcecode.swift; path = GpuTab.swift; sourceTree = "<group>"; };
		21FF50BAD952EB5AA03E1640 /* DiskTab.swift */ = {isa = PBXFileReference; lastKnownFileType = sourcecode.swift; path = DiskTab.swift; sourceTree = "<group>"; };
		224C8AE9A70014D4F825141B /* HistoryWindow.swift */ = {isa = PBXFileReference; lastKnownFileType = sourcecode.swift; path = HistoryWindow.swift; sourceTree = "<group>"; };
		23C4935C4AAE6FFAB22B9958 /* MetricReader.swift */ = {isa = PBXFileReference; lastKnownFileType = sourcecode.swift; path = MetricReader.swift; sourceTree = "<group>"; };
		2A56E0AD6FA3E65788BD70F2 /* BonjourBrowser.swift */ = {isa = PBXFileReference; lastKnownFileType = sourcecode.swift; path = BonjourBrowser.swift; sourceTree = "<group>"; };
		2BB5F33DD7B6E520E396D19D /* Theme.swift */ = {isa = PBXFileReference; lastKnownFileType = sourcecode.swift; path = Theme.swift; sourceTree = "<group>"; };
		370A65888FD7038540BE3D2D /* WorkerDetailView.swift */ = {isa = PBXFileReference; lastKnownFileType = sourcecode.swift; path = WorkerDetailView.swift; sourceTree = "<group>"; };
		4733FE37716925A20F2CE3C0 /* SettingsView.swift */ = {isa = PBXFileReference; lastKnownFileType = sourcecode.swift; path = SettingsView.swift; sourceTree = "<group>"; };
		56370C085DC556192EE56A90 /* AppSettings.swift */ = {isa = PBXFileReference; lastKnownFileType = sourcecode.swift; path = AppSettings.swift; sourceTree = "<group>"; };
		567FB6036E24CC3EF148233F /* WatchmanApp.swift */ = {isa = PBXFileReference; lastKnownFileType = sourcecode.swift; path = WatchmanApp.swift; sourceTree = "<group>"; };
		584039EC160AE45FA13AA300 /* ThresholdsTab.swift */ = {isa = PBXFileReference; lastKnownFileType = sourcecode.swift; path = ThresholdsTab.swift; sourceTree = "<group>"; };
		7033D853466C8B698B2AD744 /* WorkerMetrics.swift */ = {isa = PBXFileReference; lastKnownFileType = sourcecode.swift; path = WorkerMetrics.swift; sourceTree = "<group>"; };
		8A66D410D729904D81F89AF5 /* PowerLimits.swift */ = {isa = PBXFileReference; lastKnownFileType = sourcecode.swift; path = PowerLimits.swift; sourceTree = "<group>"; };
		90271549BB42B61DFD20E9CC /* DisplayTab.swift */ = {isa = PBXFileReference; lastKnownFileType = sourcecode.swift; path = DisplayTab.swift; sourceTree = "<group>"; };
		A790A70D3305DA828CDAA0AB /* AlertsTab.swift */ = {isa = PBXFileReference; lastKnownFileType = sourcecode.swift; path = AlertsTab.swift; sourceTree = "<group>"; };
		ACFC65EA9328490E2720A22D /* SparklineHistory.swift */ = {isa = PBXFileReference; lastKnownFileType = sourcecode.swift; path = SparklineHistory.swift; sourceTree = "<group>"; };
		B0550E6EE23F3144B123CBEE /* MetricStore.swift */ = {isa = PBXFileReference; lastKnownFileType = sourcecode.swift; path = MetricStore.swift; sourceTree = "<group>"; };
		B77373D726202D9AB861E91A /* Watchman.app */ = {isa = PBXFileReference; explicitFileType = wrapper.application; includeInIndex = 0; path = Watchman.app; sourceTree = BUILT_PRODUCTS_DIR; };
		B9897D4C9484F9CE61EC85FD /* SystemTab.swift */ = {isa = PBXFileReference; lastKnownFileType = sourcecode.swift; path = SystemTab.swift; sourceTree = "<group>"; };
		D3C47EFC3ABD6BDF75C644A0 /* MetricSample.swift */ = {isa = PBXFileReference; lastKnownFileType = sourcecode.swift; path = MetricSample.swift; sourceTree = "<group>"; };
		DD4E63A89EAD14F71074D0D7 /* ExportView.swift */ = {isa = PBXFileReference; lastKnownFileType = sourcecode.swift; path = ExportView.swift; sourceTree = "<group>"; };
		E17D66EE10FFBA2F9DE82A65 /* MenuBarView.swift */ = {isa = PBXFileReference; lastKnownFileType = sourcecode.swift; path = MenuBarView.swift; sourceTree = "<group>"; };
		E2AEF781DA53EB9824308AA7 /* HistoryShared.swift */ = {isa = PBXFileReference; lastKnownFileType = sourcecode.swift; path = HistoryShared.swift; sourceTree = "<group>"; };
		E394DA01A25C8C15E3E20243 /* MetricsPoller.swift */ = {isa = PBXFileReference; lastKnownFileType = sourcecode.swift; path = MetricsPoller.swift; sourceTree = "<group>"; };
		E700DCD233E4823C6858FC65 /* AlertConfig.swift */ = {isa = PBXFileReference; lastKnownFileType = sourcecode.swift; path = AlertConfig.swift; sourceTree = "<group>"; };
		F01128E2835D2FD43C0DFCFA /* MetricsExporter.swift */ = {isa = PBXFileReference; lastKnownFileType = sourcecode.swift; path = MetricsExporter.swift; sourceTree = "<group>"; };
		F38E9B0810933423D99C050D /* PowerTab.swift */ = {isa = PBXFileReference; lastKnownFileType = sourcecode.swift; path = PowerTab.swift; sourceTree = "<group>"; };
		F65FC84A59BE74B87EB31068 /* Info.plist */ = {isa = PBXFileReference; lastKnownFileType = text.plist; path = Info.plist; sourceTree = "<group>"; };
		F7ACE90EA0E6F2554A07924E /* AlertsEngine.swift */ = {isa = PBXFileReference; lastKnownFileType = sourcecode.swift; path = AlertsEngine.swift; sourceTree = "<group>"; };
/* End PBXFileReference section */

/* Begin PBXGroup section */
		1F7798BE5BDF060329901CBF /* Watchman */ = {
			isa = PBXGroup;
			children = (
				F65FC84A59BE74B87EB31068 /* Info.plist */,
				567FB6036E24CC3EF148233F /* WatchmanApp.swift */,
				32B19886BB34D53D07852DF7 /* Models */,
				911B9EC669AFB595503C25A8 /* Services */,
				202E093D176CB111C3DFFD50 /* Views */,
			);
			path = Watchman;
			sourceTree = "<group>";
		};
		202E093D176CB111C3DFFD50 /* Views */ = {
			isa = PBXGroup;
			children = (
				A790A70D3305DA828CDAA0AB /* AlertsTab.swift */,
				90271549BB42B61DFD20E9CC /* DisplayTab.swift */,
				DD4E63A89EAD14F71074D0D7 /* ExportView.swift */,
				224C8AE9A70014D4F825141B /* HistoryWindow.swift */,
				E17D66EE10FFBA2F9DE82A65 /* MenuBarView.swift */,
				4733FE37716925A20F2CE3C0 /* SettingsView.swift */,
				2BB5F33DD7B6E520E396D19D /* Theme.swift */,
				584039EC160AE45FA13AA300 /* ThresholdsTab.swift */,
				370A65888FD7038540BE3D2D /* WorkerDetailView.swift */,
				D405013EAECCAD00890D561D /* HistoryTabs */,
			);
			path = Views;
			sourceTree = "<group>";
		};
		32B19886BB34D53D07852DF7 /* Models */ = {
			isa = PBXGroup;
			children = (
				E700DCD233E4823C6858FC65 /* AlertConfig.swift */,
				56370C085DC556192EE56A90 /* AppSettings.swift */,
				D3C47EFC3ABD6BDF75C644A0 /* MetricSample.swift */,
				8A66D410D729904D81F89AF5 /* PowerLimits.swift */,
				7033D853466C8B698B2AD744 /* WorkerMetrics.swift */,
			);
			path = Models;
			sourceTree = "<group>";
		};
		43E5EAFA94BC80F27D5D7A69 = {
			isa = PBXGroup;
			children = (
				1F7798BE5BDF060329901CBF /* Watchman */,
				C3597C3D0403710D43D49A0A /* Products */,
			);
			sourceTree = "<group>";
		};
		911B9EC669AFB595503C25A8 /* Services */ = {
			isa = PBXGroup;
			children = (
				F7ACE90EA0E6F2554A07924E /* AlertsEngine.swift */,
				2A56E0AD6FA3E65788BD70F2 /* BonjourBrowser.swift */,
				23C4935C4AAE6FFAB22B9958 /* MetricReader.swift */,
				F01128E2835D2FD43C0DFCFA /* MetricsExporter.swift */,
				E394DA01A25C8C15E3E20243 /* MetricsPoller.swift */,
				B0550E6EE23F3144B123CBEE /* MetricStore.swift */,
				ACFC65EA9328490E2720A22D /* SparklineHistory.swift */,
			);
			path = Services;
			sourceTree = "<group>";
		};
		C3597C3D0403710D43D49A0A /* Products */ = {
			isa = PBXGroup;
			children = (
				B77373D726202D9AB861E91A /* Watchman.app */,
			);
			name = Products;
			sourceTree = "<group>";
		};
		D405013EAECCAD00890D561D /* HistoryTabs */ = {
			isa = PBXGroup;
			children = (
				21FF50BAD952EB5AA03E1640 /* DiskTab.swift */,
				1DE780ECC21129346FC5881B /* GpuTab.swift */,
				E2AEF781DA53EB9824308AA7 /* HistoryShared.swift */,
				F38E9B0810933423D99C050D /* PowerTab.swift */,
				B9897D4C9484F9CE61EC85FD /* SystemTab.swift */,
			);
			path = HistoryTabs;
			sourceTree = "<group>";
		};
/* End PBXGroup section */

/* Begin PBXNativeTarget section */
		57ED3D3523C53718F9A972A9 /* Watchman */ = {
			isa = PBXNativeTarget;
			buildConfigurationList = E64EBD478F8180E427545EEE /* Build configuration list for PBXNativeTarget "Watchman" */;
			buildPhases = (
				2B305C6D842E52EB9E7ECE92 /* Sources */,
			);
			buildRules = (
			);
			dependencies = (
			);
			name = Watchman;
			packageProductDependencies = (
			);
			productName = Watchman;
			productReference = B77373D726202D9AB861E91A /* Watchman.app */;
			productType = "com.apple.product-type.application";
		};
/* End PBXNativeTarget section */

/* Begin PBXProject section */
		9D95E0C99B0E3A4277F0F586 /* Project object */ = {
			isa = PBXProject;
			attributes = {
				BuildIndependentTargetsInParallel = YES;
				LastUpgradeCheck = 1600;
				TargetAttributes = {
				};
			};
			buildConfigurationList = C7E263E0258DDB3795215608 /* Build configuration list for PBXProject "Watchman" */;
			developmentRegion = en;
			hasScannedForEncodings = 0;
			knownRegions = (
				Base,
				en,
			);
			mainGroup = 43E5EAFA94BC80F27D5D7A69;
			minimizedProjectReferenceProxies = 1;
			preferredProjectObjectVersion = 77;
			productRefGroup = C3597C3D0403710D43D49A0A /* Products */;
			projectDirPath = "";
			projectRoot = "";
			targets = (
				57ED3D3523C53718F9A972A9 /* Watchman */,
			);
		};
/* End PBXProject section */

/* Begin PBXSourcesBuildPhase section */
		2B305C6D842E52EB9E7ECE92 /* Sources */ = {
			isa = PBXSourcesBuildPhase;
			buildActionMask = 2147483647;
			files = (
				25E0273435232C6467416216 /* AlertConfig.swift in Sources */,
				773EBDEE9134761C9B0B7C7B /* AlertsEngine.swift in Sources */,
				C0BBAA24C137B47AF3224332 /* AlertsTab.swift in Sources */,
				08AA6B9C6B4143826B46D8E7 /* AppSettings.swift in Sources */,
				1E5E9CAC4F464B9093C9CE18 /* BonjourBrowser.swift in Sources */,
				685B379F8A51B896A83E29CC /* DiskTab.swift in Sources */,
				DD31FFA40198BC7B62C53699 /* DisplayTab.swift in Sources */,
				5B64EF5E8C91B77C73322505 /* ExportView.swift in Sources */,
				E0F2E79AD8CF5358B1BEE8E8 /* GpuTab.swift in Sources */,
				1D1771A9076A5A6C311267DC /* HistoryShared.swift in Sources */,
				D085AA679718B43E0314711A /* HistoryWindow.swift in Sources */,
				9A5E62A98856031590034191 /* MenuBarView.swift in Sources */,
				E2D1699C5DFBDED361A81FA9 /* MetricReader.swift in Sources */,
				77681CCEE9D9D14170F41563 /* MetricSample.swift in Sources */,
				E5D796E8AB85ED7559A89AF7 /* MetricStore.swift in Sources */,
				E5CF8DAAF817799639773AA4 /* MetricsExporter.swift in Sources */,
				F2F39E4C9D753706658A9B72 /* MetricsPoller.swift in Sources */,
				3DD5AE1308837B9A0BC8E0EA /* PowerLimits.swift in Sources */,
				6803E589E58B12DA7B186232 /* PowerTab.swift in Sources */,
				C80766A93AAEC9E4155E6D57 /* SettingsView.swift in Sources */,
				F69F91E3DABBC420F798AEF6 /* SparklineHistory.swift in Sources */,
				74F6FE8EAF7BA8906943E4AD /* SystemTab.swift in Sources */,
				8F8FBD460394127839374E1B /* Theme.swift in Sources */,
				ABFEAB892390C75AAB049276 /* ThresholdsTab.swift in Sources */,
				0CEC294578C20AA504EC0DB6 /* WatchmanApp.swift in Sources */,
				BFA4563AA5D25EF4B2B72FB9 /* WorkerDetailView.swift in Sources */,
				9FB4C6C86527A98F887ED0EF /* WorkerMetrics.swift in Sources */,
			);
			runOnlyForDeploymentPostprocessing = 0;
		};
/* End PBXSourcesBuildPhase section */

/* Begin XCBuildConfiguration section */
		17E5B254D889AFEE3CF0E78D /* Debug */ = {
			isa = XCBuildConfiguration;
			buildSettings = {
				ALWAYS_SEARCH_USER_PATHS = NO;
				CLANG_ANALYZER_NONNULL = YES;
				CLANG_ANALYZER_NUMBER_OBJECT_CONVERSION = YES_AGGRESSIVE;
				CLANG_CXX_LANGUAGE_STANDARD = "gnu++14";
				CLANG_CXX_LIBRARY = "libc++";
				CLANG_ENABLE_MODULES = YES;
				CLANG_ENABLE_OBJC_ARC = YES;
				CLANG_ENABLE_OBJC_WEAK = YES;
				CLANG_WARN_BLOCK_CAPTURE_AUTORELEASING = YES;
				CLANG_WARN_BOOL_CONVERSION = YES;
				CLANG_WARN_COMMA = YES;
				CLANG_WARN_CONSTANT_CONVERSION = YES;
				CLANG_WARN_DEPRECATED_OBJC_IMPLEMENTATIONS = YES;
				CLANG_WARN_DIRECT_OBJC_ISA_USAGE = YES_ERROR;
				CLANG_WARN_DOCUMENTATION_COMMENTS = YES;
				CLANG_WARN_EMPTY_BODY = YES;
				CLANG_WARN_ENUM_CONVERSION = YES;
				CLANG_WARN_INFINITE_RECURSION = YES;
				CLANG_WARN_INT_CONVERSION = YES;
				CLANG_WARN_NON_LITERAL_NULL_CONVERSION = YES;
				CLANG_WARN_OBJC_IMPLICIT_RETAIN_SELF = YES;
				CLANG_WARN_OBJC_LITERAL_CONVERSION = YES;
				CLANG_WARN_OBJC_ROOT_CLASS = YES_ERROR;
				CLANG_WARN_QUOTED_INCLUDE_IN_FRAMEWORK_HEADER = YES;
				CLANG_WARN_RANGE_LOOP_ANALYSIS = YES;
				CLANG_WARN_STRICT_PROTOTYPES = YES;
				CLANG_WARN_SUSPICIOUS_MOVE = YES;
				CLANG_WARN_UNGUARDED_AVAILABILITY = YES_AGGRESSIVE;
				CLANG_WARN_UNREACHABLE_CODE = YES;
				CLANG_WARN__DUPLICATE_METHOD_MATCH = YES;
				COPY_PHASE_STRIP = NO;
				DEBUG_INFORMATION_FORMAT = dwarf;
				ENABLE_STRICT_OBJC_MSGSEND = YES;
				ENABLE_TESTABILITY = YES;
				GCC_C_LANGUAGE_STANDARD = gnu11;
				GCC_DYNAMIC_NO_PIC = NO;
				GCC_NO_COMMON_BLOCKS = YES;
				GCC_OPTIMIZATION_LEVEL = 0;
				GCC_PREPROCESSOR_DEFINITIONS = (
					"$(inherited)",
					"DEBUG=1",
				);
				GCC_WARN_64_TO_32_BIT_CONVERSION = YES;
				GCC_WARN_ABOUT_RETURN_TYPE = YES_ERROR;
				GCC_WARN_UNDECLARED_SELECTOR = YES;
				GCC_WARN_UNINITIALIZED_AUTOS = YES_AGGRESSIVE;
				GCC_WARN_UNUSED_FUNCTION = YES;
				GCC_WARN_UNUSED_VARIABLE = YES;
				MACOSX_DEPLOYMENT_TARGET = 14.0;
				MTL_ENABLE_DEBUG_INFO = INCLUDE_SOURCE;
				MTL_FAST_MATH = YES;
				ONLY_ACTIVE_ARCH = YES;
				PRODUCT_NAME = "$(TARGET_NAME)";
				SDKROOT = macosx;
				SWIFT_ACTIVE_COMPILATION_CONDITIONS = DEBUG;
				SWIFT_OPTIMIZATION_LEVEL = "-Onone";
				SWIFT_VERSION = 5.0;
			};
			name = Debug;
		};
		209D8BFD5EC07D99CB457B9C /* Release */ = {
			isa = XCBuildConfiguration;
			buildSettings = {
				ALWAYS_SEARCH_USER_PATHS = NO;
				CLANG_ANALYZER_NONNULL = YES;
				CLANG_ANALYZER_NUMBER_OBJECT_CONVERSION = YES_AGGRESSIVE;
				CLANG_CXX_LANGUAGE_STANDARD = "gnu++14";
				CLANG_CXX_LIBRARY = "libc++";
				CLANG_ENABLE_MODULES = YES;
				CLANG_ENABLE_OBJC_ARC = YES;
				CLANG_ENABLE_OBJC_WEAK = YES;
				CLANG_WARN_BLOCK_CAPTURE_AUTORELEASING = YES;
				CLANG_WARN_BOOL_CONVERSION = YES;
				CLANG_WARN_COMMA = YES;
				CLANG_WARN_CONSTANT_CONVERSION = YES;
				CLANG_WARN_DEPRECATED_OBJC_IMPLEMENTATIONS = YES;
				CLANG_WARN_DIRECT_OBJC_ISA_USAGE = YES_ERROR;
				CLANG_WARN_DOCUMENTATION_COMMENTS = YES;
				CLANG_WARN_EMPTY_BODY = YES;
				CLANG_WARN_ENUM_CONVERSION = YES;
				CLANG_WARN_INFINITE_RECURSION = YES;
				CLANG_WARN_INT_CONVERSION = YES;
				CLANG_WARN_NON_LITERAL_NULL_CONVERSION = YES;
				CLANG_WARN_OBJC_IMPLICIT_RETAIN_SELF = YES;
				CLANG_WARN_OBJC_LITERAL_CONVERSION = YES;
				CLANG_WARN_OBJC_ROOT_CLASS = YES_ERROR;
				CLANG_WARN_QUOTED_INCLUDE_IN_FRAMEWORK_HEADER = YES;
				CLANG_WARN_RANGE_LOOP_ANALYSIS = YES;
				CLANG_WARN_STRICT_PROTOTYPES = YES;
				CLANG_WARN_SUSPICIOUS_MOVE = YES;
				CLANG_WARN_UNGUARDED_AVAILABILITY = YES_AGGRESSIVE;
				CLANG_WARN_UNREACHABLE_CODE = YES;
				CLANG_WARN__DUPLICATE_METHOD_MATCH = YES;
				COPY_PHASE_STRIP = NO;
				DEBUG_INFORMATION_FORMAT = "dwarf-with-dsym";
				ENABLE_NS_ASSERTIONS = NO;
				ENABLE_STRICT_OBJC_MSGSEND = YES;
				GCC_C_LANGUAGE_STANDARD = gnu11;
				GCC_NO_COMMON_BLOCKS = YES;
				GCC_WARN_64_TO_32_BIT_CONVERSION = YES;
				GCC_WARN_ABOUT_RETURN_TYPE = YES_ERROR;
				GCC_WARN_UNDECLARED_SELECTOR = YES;
				GCC_WARN_UNINITIALIZED_AUTOS = YES_AGGRESSIVE;
				GCC_WARN_UNUSED_FUNCTION = YES;
				GCC_WARN_UNUSED_VARIABLE = YES;
				MACOSX_DEPLOYMENT_TARGET = 14.0;
				MTL_ENABLE_DEBUG_INFO = NO;
				MTL_FAST_MATH = YES;
				PRODUCT_NAME = "$(TARGET_NAME)";
				SDKROOT = macosx;
				SWIFT_COMPILATION_MODE = wholemodule;
				SWIFT_OPTIMIZATION_LEVEL = "-O";
				SWIFT_VERSION = 5.0;
			};
			name = Release;
		};
		A8ED9159A3C58953061DDABD /* Release */ = {
			isa = XCBuildConfiguration;
			buildSettings = {
				ASSETCATALOG_COMPILER_APPICON_NAME = AppIcon;
				CODE_SIGNING_REQUIRED = NO;
				CODE_SIGN_IDENTITY = "-";
				COMBINE_HIDPI_IMAGES = YES;
				INFOPLIST_FILE = Watchman/Info.plist;
				LD_RUNPATH_SEARCH_PATHS = (
					"$(inherited)",
					"@executable_path/../Frameworks",
				);
				MACOSX_DEPLOYMENT_TARGET = 14.0;
				PRODUCT_BUNDLE_IDENTIFIER = com.watchman.app;
				SDKROOT = macosx;
				SWIFT_VERSION = 5.9;
			};
			name = Release;
		};
		E4BC2BD1E0F818399C4DDD55 /* Debug */ = {
			isa = XCBuildConfiguration;
			buildSettings = {
				ASSETCATALOG_COMPILER_APPICON_NAME = AppIcon;
				CODE_SIGNING_REQUIRED = NO;
				CODE_SIGN_IDENTITY = "-";
				COMBINE_HIDPI_IMAGES = YES;
				INFOPLIST_FILE = Watchman/Info.plist;
				LD_RUNPATH_SEARCH_PATHS = (
					"$(inherited)",
					"@executable_path/../Frameworks",
				);
				MACOSX_DEPLOYMENT_TARGET = 14.0;
				PRODUCT_BUNDLE_IDENTIFIER = com.watchman.app;
				SDKROOT = macosx;
				SWIFT_VERSION = 5.9;
			};
			name = Debug;
		};
/* End XCBuildConfiguration section */

/* Begin XCConfigurationList section */
		C7E263E0258DDB3795215608 /* Build configuration list for PBXProject "Watchman" */ = {
			isa = XCConfigurationList;
			buildConfigurations = (
				17E5B254D889AFEE3CF0E78D /* Debug */,
				209D8BFD5EC07D99CB457B9C /* Release */,
			);
			defaultConfigurationIsVisible = 0;
			defaultConfigurationName = Debug;
		};
		E64EBD478F8180E427545EEE /* Build configuration list for PBXNativeTarget "Watchman" */ = {
			isa = XCConfigurationList;
			buildConfigurations = (
				E4BC2BD1E0F818399C4DDD55 /* Debug */,
				A8ED9159A3C58953061DDABD /* Release */,
			);
			defaultConfigurationIsVisible = 0;
			defaultConfigurationName = Debug;
		};
/* End XCConfigurationList section */
	};
	rootObject = 9D95E0C99B0E3A4277F0F586 /* Project object */;
}
